
Microsoft Visual Studio Solution File, Format Version 12.00
# Visual Studio Version 17
VisualStudioVersion = 17.3.32804.467
MinimumVisualStudioVersion = 10.0.40219.1
Project("{FAE04EC0-301F-11D3-BF4B-00C04F79EFBC}") = "Music Player", "Music Player\Music Player.csproj", "{1D28C71D-3319-412C-9F9A-CC18EB55835F}"
EndProject
Global
	GlobalSection(SolutionConfigurationPlatforms) = preSolution
		Debug|Any CPU = Debug|Any CPU
		Release|Any CPU = Release|Any CPU
	EndGlobalSection
	GlobalSection(ProjectConfigurationPlatforms) = postSolution
		{1D28C71D-3319-412C-9F9A-CC18EB55835F}.Debug|Any CPU.ActiveCfg = Debug|Any CPU
		{1D28C71D-3319-412C-9F9A-CC18EB55835F}.Debug|Any CPU.Build.0 = Debug|Any CPU
		{1D28C71D-3319-412C-9F9A-CC18EB55835F}.Release|Any CPU.ActiveCfg = Release|Any CPU
		{1D28C71D-3319-412C-9F9A-CC18EB55835F}.Release|Any CPU.Build.0 = Release|Any CPU
	EndGlobalSection
	GlobalSection(SolutionProperties) = preSolution
		HideSolutionNode = FALSE
	EndGlobalSection
	GlobalSection(ExtensibilityGlobals) = postSolution
		SolutionGuid = {BE9BAEAA-43C7-4A7B-8BCE-75D6C043522B}
	EndGlobalSection
EndGlobal
